PODS:
  - SCLAlertView-Objective-C (1.2.0)

DEPENDENCIES:
  - SCLAlertView-Objective-C

SPEC REPOS:
  trunk:
    - SCLAlertView-Objective-C

SPEC CHECKSUMS:
  SCLAlertView-Objective-C: 84f12f66d779dadad7f293e5e8b7697ba4254ee0

PODFILE CHECKSUM: 72a25ce009f49f8b1a724629c2be3605eac6a7bc

COCOAPODS: 1.10.0
