// !$*UTF8*$!
{
	archiveVersion = 1;
	classes = {
	};
	objectVersion = 51;
	objects = {

/* Begin PBXBuildFile section */
		3E40CB1AB285FCDDC7E68113 /* Pods_BMITests.framework in Frameworks */ = {isa = PBXBuildFile; fileRef = 9091C2C9F8ADF8164D8DF969 /* Pods_BMITests.framework */; };
		4B562A36D7B3D9C31C660BA3 /* Pods_BMI.framework in Frameworks */ = {isa = PBXBuildFile; fileRef = 1115BD1FA4A158C0CA492350 /* Pods_BMI.framework */; };
		C5ACFFA424E60CC30080BB28 /* BMIModel.m in Sources */ = {isa = PBXBuildFile; fileRef = C5ACFFA324E60CC30080BB28 /* BMIModel.m */; };
		C5CC7A6224E5FEC900DB64E8 /* AppDelegate.m in Sources */ = {isa = PBXBuildFile; fileRef = C5CC7A6124E5FEC900DB64E8 /* AppDelegate.m */; };
		C5CC7A6524E5FEC900DB64E8 /* SceneDelegate.m in Sources */ = {isa = PBXBuildFile; fileRef = C5CC7A6424E5FEC900DB64E8 /* SceneDelegate.m */; };
		C5CC7A6824E5FEC900DB64E8 /* ViewController.m in Sources */ = {isa = PBXBuildFile; fileRef = C5CC7A6724E5FEC900DB64E8 /* ViewController.m */; };
		C5CC7A6B24E5FEC900DB64E8 /* Main.storyboard in Resources */ = {isa = PBXBuildFile; fileRef = C5CC7A6924E5FEC900DB64E8 /* Main.storyboard */; };
		C5CC7A6D24E5FECF00DB64E8 /* Assets.xcassets in Resources */ = {isa = PBXBuildFile; fileRef = C5CC7A6C24E5FECF00DB64E8 /* Assets.xcassets */; };
		C5CC7A7024E5FECF00DB64E8 /* LaunchScreen.storyboard in Resources */ = {isa = PBXBuildFile; fileRef = C5CC7A6E24E5FECF00DB64E8 /* LaunchScreen.storyboard */; };
		C5CC7A7324E5FECF00DB64E8 /* main.m in Sources */ = {isa = PBXBuildFile; fileRef = C5CC7A7224E5FECF00DB64E8 /* main.m */; };
		C5CC7A7D24E5FED000DB64E8 /* BMITests.m in Sources */ = {isa = PBXBuildFile; fileRef = C5CC7A7C24E5FED000DB64E8 /* BMITests.m */; };
/* End PBXBuildFile section */

/* Begin PBXContainerItemProxy section */
		C5CC7A7924E5FED000DB64E8 /* PBXContainerItemProxy */ = {
			isa = PBXContainerItemProxy;
			containerPortal = C5CC7A5524E5FEC900DB64E8 /* Project object */;
			proxyType = 1;
			remoteGlobalIDString = C5CC7A5C24E5FEC900DB64E8;
			remoteInfo = BMI;
		};
/* End PBXContainerItemProxy section */

/* Begin PBXFileReference section */
		1115BD1FA4A158C0CA492350 /* Pods_BMI.framework */ = {isa = PBXFileReference; explicitFileType = wrapper.framework; includeInIndex = 0; path = Pods_BMI.framework; sourceTree = BUILT_PRODUCTS_DIR; };
		13359AA33789835200909D0E /* Pods-BMITests.debug.xcconfig */ = {isa = PBXFileReference; includeInIndex = 1; lastKnownFileType = text.xcconfig; name = "Pods-BMITests.debug.xcconfig"; path = "Target Support Files/Pods-BMITests/Pods-BMITests.debug.xcconfig"; sourceTree = "<group>"; };
		3AB1D93868EF43F02F16390A /* Pods-BMI.debug.xcconfig */ = {isa = PBXFileReference; includeInIndex = 1; lastKnownFileType = text.xcconfig; name = "Pods-BMI.debug.xcconfig"; path = "Target Support Files/Pods-BMI/Pods-BMI.debug.xcconfig"; sourceTree = "<group>"; };
		9091C2C9F8ADF8164D8DF969 /* Pods_BMITests.framework */ = {isa = PBXFileReference; explicitFileType = wrapper.framework; includeInIndex = 0; path = Pods_BMITests.framework; sourceTree = BUILT_PRODUCTS_DIR; };
		C5ACFFA324E60CC30080BB28 /* BMIModel.m */ = {isa = PBXFileReference; lastKnownFileType = sourcecode.c.objc; path = BMIModel.m; sourceTree = "<group>"; };
		C5ACFFA624E60DC30080BB28 /* BMIModel.h */ = {isa = PBXFileReference; lastKnownFileType = sourcecode.c.h; path = BMIModel.h; sourceTree = "<group>"; };
		C5CC7A5D24E5FEC900DB64E8 /* BMI.app */ = {isa = PBXFileReference; explicitFileType = wrapper.application; includeInIndex = 0; path = BMI.app; sourceTree = BUILT_PRODUCTS_DIR; };
		C5CC7A6024E5FEC900DB64E8 /* AppDelegate.h */ = {isa = PBXFileReference; lastKnownFileType = sourcecode.c.h; path = AppDelegate.h; sourceTree = "<group>"; };
		C5CC7A6124E5FEC900DB64E8 /* AppDelegate.m */ = {isa = PBXFileReference; lastKnownFileType = sourcecode.c.objc; path = AppDelegate.m; sourceTree = "<group>"; };
		C5CC7A6324E5FEC900DB64E8 /* SceneDelegate.h */ = {isa = PBXFileReference; lastKnownFileType = sourcecode.c.h; path = SceneDelegate.h; sourceTree = "<group>"; };
		C5CC7A6424E5FEC900DB64E8 /* SceneDelegate.m */ = {isa = PBXFileReference; lastKnownFileType = sourcecode.c.objc; path = SceneDelegate.m; sourceTree = "<group>"; };
		C5CC7A6624E5FEC900DB64E8 /* ViewController.h */ = {isa = PBXFileReference; lastKnownFileType = sourcecode.c.h; path = ViewController.h; sourceTree = "<group>"; };
		C5CC7A6724E5FEC900DB64E8 /* ViewController.m */ = {isa = PBXFileReference; lastKnownFileType = sourcecode.c.objc; path = ViewController.m; sourceTree = "<group>"; };
		C5CC7A6A24E5FEC900DB64E8 /* Base */ = {isa = PBXFileReference; lastKnownFileType = file.storyboard; name = Base; path = Base.lproj/Main.storyboard; sourceTree = "<group>"; };
		C5CC7A6C24E5FECF00DB64E8 /* Assets.xcassets */ = {isa = PBXFileReference; lastKnownFileType = folder.assetcatalog; path = Assets.xcassets; sourceTree = "<group>"; };
		C5CC7A6F24E5FECF00DB64E8 /* Base */ = {isa = PBXFileReference; lastKnownFileType = file.storyboard; name = Base; path = Base.lproj/LaunchScreen.storyboard; sourceTree = "<group>"; };
		C5CC7A7124E5FECF00DB64E8 /* Info.plist */ = {isa = PBXFileReference; lastKnownFileType = text.plist.xml; path = Info.plist; sourceTree = "<group>"; };
		C5CC7A7224E5FECF00DB64E8 /* main.m */ = {isa = PBXFileReference; lastKnownFileType = sourcecode.c.objc; path = main.m; sourceTree = "<group>"; };
		C5CC7A7824E5FED000DB64E8 /* BMITests.xctest */ = {isa = PBXFileReference; explicitFileType = wrapper.cfbundle; includeInIndex = 0; path = BMITests.xctest; sourceTree = BUILT_PRODUCTS_DIR; };
		C5CC7A7C24E5FED000DB64E8 /* BMITests.m */ = {isa = PBXFileReference; lastKnownFileType = sourcecode.c.objc; path = BMITests.m; sourceTree = "<group>"; };
		C5CC7A7E24E5FED000DB64E8 /* Info.plist */ = {isa = PBXFileReference; lastKnownFileType = text.plist.xml; path = Info.plist; sourceTree = "<group>"; };
		C5CC7A8824E6039B00DB64E8 /* SCLAlertViewFramework.framework */ = {isa = PBXFileReference; lastKnownFileType = wrapper.framework; name = SCLAlertViewFramework.framework; path = Carthage/Build/iOS/SCLAlertViewFramework.framework; sourceTree = "<group>"; };
		D9C76DF2433EFBFEEC40BD7C /* Pods-BMI.release.xcconfig */ = {isa = PBXFileReference; includeInIndex = 1; lastKnownFileType = text.xcconfig; name = "Pods-BMI.release.xcconfig"; path = "Target Support Files/Pods-BMI/Pods-BMI.release.xcconfig"; sourceTree = "<group>"; };
		F882D888D70A32BC97B19EAF /* Pods-BMITests.release.xcconfig */ = {isa = PBXFileReference; includeInIndex = 1; lastKnownFileType = text.xcconfig; name = "Pods-BMITests.release.xcconfig"; path = "Target Support Files/Pods-BMITests/Pods-BMITests.release.xcconfig"; sourceTree = "<group>"; };
/* End PBXFileReference section */

/* Begin PBXFrameworksBuildPhase section */
		C5CC7A5A24E5FEC900DB64E8 /* Frameworks */ = {
			isa = PBXFrameworksBuildPhase;
			buildActionMask = 2147483647;
			files = (
				4B562A36D7B3D9C31C660BA3 /* Pods_BMI.framework in Frameworks */,
			);
			runOnlyForDeploymentPostprocessing = 0;
		};
		C5CC7A7524E5FED000DB64E8 /* Frameworks */ = {
			isa = PBXFrameworksBuildPhase;
			buildActionMask = 2147483647;
			files = (
				3E40CB1AB285FCDDC7E68113 /* Pods_BMITests.framework in Frameworks */,
			);
			runOnlyForDeploymentPostprocessing = 0;
		};
/* End PBXFrameworksBuildPhase section */

/* Begin PBXGroup section */
		5DF4B4734B6C752961CF0A35 /* Pods */ = {
			isa = PBXGroup;
			children = (
				3AB1D93868EF43F02F16390A /* Pods-BMI.debug.xcconfig */,
				D9C76DF2433EFBFEEC40BD7C /* Pods-BMI.release.xcconfig */,
				13359AA33789835200909D0E /* Pods-BMITests.debug.xcconfig */,
				F882D888D70A32BC97B19EAF /* Pods-BMITests.release.xcconfig */,
			);
			path = Pods;
			sourceTree = "<group>";
		};
		C5CC7A5424E5FEC900DB64E8 = {
			isa = PBXGroup;
			children = (
				C5CC7A5F24E5FEC900DB64E8 /* BMI */,
				C5CC7A7B24E5FED000DB64E8 /* BMITests */,
				C5CC7A5E24E5FEC900DB64E8 /* Products */,
				C5CC7A8724E6039B00DB64E8 /* Frameworks */,
				5DF4B4734B6C752961CF0A35 /* Pods */,
			);
			sourceTree = "<group>";
		};
		C5CC7A5E24E5FEC900DB64E8 /* Products */ = {
			isa = PBXGroup;
			children = (
				C5CC7A5D24E5FEC900DB64E8 /* BMI.app */,
				C5CC7A7824E5FED000DB64E8 /* BMITests.xctest */,
			);
			name = Products;
			sourceTree = "<group>";
		};
		C5CC7A5F24E5FEC900DB64E8 /* BMI */ = {
			isa = PBXGroup;
			children = (
				C5CC7A6024E5FEC900DB64E8 /* AppDelegate.h */,
				C5CC7A6124E5FEC900DB64E8 /* AppDelegate.m */,
				C5CC7A6324E5FEC900DB64E8 /* SceneDelegate.h */,
				C5CC7A6424E5FEC900DB64E8 /* SceneDelegate.m */,
				C5CC7A6624E5FEC900DB64E8 /* ViewController.h */,
				C5CC7A6724E5FEC900DB64E8 /* ViewController.m */,
				C5CC7A6924E5FEC900DB64E8 /* Main.storyboard */,
				C5CC7A6C24E5FECF00DB64E8 /* Assets.xcassets */,
				C5CC7A6E24E5FECF00DB64E8 /* LaunchScreen.storyboard */,
				C5CC7A7124E5FECF00DB64E8 /* Info.plist */,
				C5CC7A7224E5FECF00DB64E8 /* main.m */,
				C5ACFFA324E60CC30080BB28 /* BMIModel.m */,
				C5ACFFA624E60DC30080BB28 /* BMIModel.h */,
			);
			path = BMI;
			sourceTree = "<group>";
		};
		C5CC7A7B24E5FED000DB64E8 /* BMITests */ = {
			isa = PBXGroup;
			children = (
				C5CC7A7C24E5FED000DB64E8 /* BMITests.m */,
				C5CC7A7E24E5FED000DB64E8 /* Info.plist */,
			);
			path = BMITests;
			sourceTree = "<group>";
		};
		C5CC7A8724E6039B00DB64E8 /* Frameworks */ = {
			isa = PBXGroup;
			children = (
				C5CC7A8824E6039B00DB64E8 /* SCLAlertViewFramework.framework */,
				1115BD1FA4A158C0CA492350 /* Pods_BMI.framework */,
				9091C2C9F8ADF8164D8DF969 /* Pods_BMITests.framework */,
			);
			name = Frameworks;
			sourceTree = "<group>";
		};
/* End PBXGroup section */

/* Begin PBXNativeTarget section */
		C5CC7A5C24E5FEC900DB64E8 /* BMI */ = {
			isa = PBXNativeTarget;
			buildConfigurationList = C5CC7A8124E5FED000DB64E8 /* Build configuration list for PBXNativeTarget "BMI" */;
			buildPhases = (
				084A2F8EDB90B03512A6115F /* [CP] Check Pods Manifest.lock */,
				C5CC7A5924E5FEC900DB64E8 /* Sources */,
				C5CC7A5A24E5FEC900DB64E8 /* Frameworks */,
				C5CC7A5B24E5FEC900DB64E8 /* Resources */,
				BE537B87AE76DF424355C0CF /* [CP] Embed Pods Frameworks */,
			);
			buildRules = (
			);
			dependencies = (
			);
			name = BMI;
			productName = BMI;
			productReference = C5CC7A5D24E5FEC900DB64E8 /* BMI.app */;
			productType = "com.apple.product-type.application";
		};
		C5CC7A7724E5FED000DB64E8 /* BMITests */ = {
			isa = PBXNativeTarget;
			buildConfigurationList = C5CC7A8424E5FED000DB64E8 /* Build configuration list for PBXNativeTarget "BMITests" */;
			buildPhases = (
				ABE01C7F0672A528B78A343C /* [CP] Check Pods Manifest.lock */,
				C5CC7A7424E5FED000DB64E8 /* Sources */,
				C5CC7A7524E5FED000DB64E8 /* Frameworks */,
				C5CC7A7624E5FED000DB64E8 /* Resources */,
			);
			buildRules = (
			);
			dependencies = (
				C5CC7A7A24E5FED000DB64E8 /* PBXTargetDependency */,
			);
			name = BMITests;
			productName = BMITests;
			productReference = C5CC7A7824E5FED000DB64E8 /* BMITests.xctest */;
			productType = "com.apple.product-type.bundle.unit-test";
		};
/* End PBXNativeTarget section */

/* Begin PBXProject section */
		C5CC7A5524E5FEC900DB64E8 /* Project object */ = {
			isa = PBXProject;
			attributes = {
				LastUpgradeCheck = 1160;
				ORGANIZATIONNAME = "Joao Lucas";
				TargetAttributes = {
					C5CC7A5C24E5FEC900DB64E8 = {
						CreatedOnToolsVersion = 11.6;
					};
					C5CC7A7724E5FED000DB64E8 = {
						CreatedOnToolsVersion = 11.6;
						TestTargetID = C5CC7A5C24E5FEC900DB64E8;
					};
				};
			};
			buildConfigurationList = C5CC7A5824E5FEC900DB64E8 /* Build configuration list for PBXProject "BMI" */;
			compatibilityVersion = "Xcode 9.3";
			developmentRegion = en;
			hasScannedForEncodings = 0;
			knownRegions = (
				en,
				Base,
			);
			mainGroup = C5CC7A5424E5FEC900DB64E8;
			productRefGroup = C5CC7A5E24E5FEC900DB64E8 /* Products */;
			projectDirPath = "";
			projectRoot = "";
			targets = (
				C5CC7A5C24E5FEC900DB64E8 /* BMI */,
				C5CC7A7724E5FED000DB64E8 /* BMITests */,
			);
		};
/* End PBXProject section */

/* Begin PBXResourcesBuildPhase section */
		C5CC7A5B24E5FEC900DB64E8 /* Resources */ = {
			isa = PBXResourcesBuildPhase;
			buildActionMask = 2147483647;
			files = (
				C5CC7A7024E5FECF00DB64E8 /* LaunchScreen.storyboard in Resources */,
				C5CC7A6D24E5FECF00DB64E8 /* Assets.xcassets in Resources */,
				C5CC7A6B24E5FEC900DB64E8 /* Main.storyboard in Resources */,
			);
			runOnlyForDeploymentPostprocessing = 0;
		};
		C5CC7A7624E5FED000DB64E8 /* Resources */ = {
			isa = PBXResourcesBuildPhase;
			buildActionMask = 2147483647;
			files = (
			);
			runOnlyForDeploymentPostprocessing = 0;
		};
/* End PBXResourcesBuildPhase section */

/* Begin PBXShellScriptBuildPhase section */
		084A2F8EDB90B03512A6115F /* [CP] Check Pods Manifest.lock */ = {
			isa = PBXShellScriptBuildPhase;
			buildActionMask = 2147483647;
			files = (
			);
			inputFileListPaths = (
			);
			inputPaths = (
				"${PODS_PODFILE_DIR_PATH}/Podfile.lock",
				"${PODS_ROOT}/Manifest.lock",
			);
			name = "[CP] Check Pods Manifest.lock";
			outputFileListPaths = (
			);
			outputPaths = (
				"$(DERIVED_FILE_DIR)/Pods-BMI-checkManifestLockResult.txt",
			);
			runOnlyForDeploymentPostprocessing = 0;
			shellPath = /bin/sh;
			shellScript = "diff \"${PODS_PODFILE_DIR_PATH}/Podfile.lock\" \"${PODS_ROOT}/Manifest.lock\" > /dev/null\nif [ $? != 0 ] ; then\n    # print error to STDERR\n    echo \"error: The sandbox is not in sync with the Podfile.lock. Run 'pod install' or update your CocoaPods installation.\" >&2\n    exit 1\nfi\n# This output is used by Xcode 'outputs' to avoid re-running this script phase.\necho \"SUCCESS\" > \"${SCRIPT_OUTPUT_FILE_0}\"\n";
			showEnvVarsInLog = 0;
		};
		ABE01C7F0672A528B78A343C /* [CP] Check Pods Manifest.lock */ = {
			isa = PBXShellScriptBuildPhase;
			buildActionMask = 2147483647;
			files = (
			);
			inputFileListPaths = (
			);
			inputPaths = (
				"${PODS_PODFILE_DIR_PATH}/Podfile.lock",
				"${PODS_ROOT}/Manifest.lock",
			);
			name = "[CP] Check Pods Manifest.lock";
			outputFileListPaths = (
			);
			outputPaths = (
				"$(DERIVED_FILE_DIR)/Pods-BMITests-checkManifestLockResult.txt",
			);
			runOnlyForDeploymentPostprocessing = 0;
			shellPath = /bin/sh;
			shellScript = "diff \"${PODS_PODFILE_DIR_PATH}/Podfile.lock\" \"${PODS_ROOT}/Manifest.lock\" > /dev/null\nif [ $? != 0 ] ; then\n    # print error to STDERR\n    echo \"error: The sandbox is not in sync with the Podfile.lock. Run 'pod install' or update your CocoaPods installation.\" >&2\n    exit 1\nfi\n# This output is used by Xcode 'outputs' to avoid re-running this script phase.\necho \"SUCCESS\" > \"${SCRIPT_OUTPUT_FILE_0}\"\n";
			showEnvVarsInLog = 0;
		};
		BE537B87AE76DF424355C0CF /* [CP] Embed Pods Frameworks */ = {
			isa = PBXShellScriptBuildPhase;
			buildActionMask = 2147483647;
			files = (
			);
			inputFileListPaths = (
				"${PODS_ROOT}/Target Support Files/Pods-BMI/Pods-BMI-frameworks-${CONFIGURATION}-input-files.xcfilelist",
			);
			name = "[CP] Embed Pods Frameworks";
			outputFileListPaths = (
				"${PODS_ROOT}/Target Support Files/Pods-BMI/Pods-BMI-frameworks-${CONFIGURATION}-output-files.xcfilelist",
			);
			runOnlyForDeploymentPostprocessing = 0;
			shellPath = /bin/sh;
			shellScript = "\"${PODS_ROOT}/Target Support Files/Pods-BMI/Pods-BMI-frameworks.sh\"\n";
			showEnvVarsInLog = 0;
		};
/* End PBXShellScriptBuildPhase section */

/* Begin PBXSourcesBuildPhase section */
		C5CC7A5924E5FEC900DB64E8 /* Sources */ = {
			isa = PBXSourcesBuildPhase;
			buildActionMask = 2147483647;
			files = (
				C5CC7A6824E5FEC900DB64E8 /* ViewController.m in Sources */,
				C5CC7A6224E5FEC900DB64E8 /* AppDelegate.m in Sources */,
				C5ACFFA424E60CC30080BB28 /* BMIModel.m in Sources */,
				C5CC7A7324E5FECF00DB64E8 /* main.m in Sources */,
				C5CC7A6524E5FEC900DB64E8 /* SceneDelegate.m in Sources */,
			);
			runOnlyForDeploymentPostprocessing = 0;
		};
		C5CC7A7424E5FED000DB64E8 /* Sources */ = {
			isa = PBXSourcesBuildPhase;
			buildActionMask = 2147483647;
			files = (
				C5CC7A7D24E5FED000DB64E8 /* BMITests.m in Sources */,
			);
			runOnlyForDeploymentPostprocessing = 0;
		};
/* End PBXSourcesBuildPhase section */

/* Begin PBXTargetDependency section */
		C5CC7A7A24E5FED000DB64E8 /* PBXTargetDependency */ = {
			isa = PBXTargetDependency;
			target = C5CC7A5C24E5FEC900DB64E8 /* BMI */;
			targetProxy = C5CC7A7924E5FED000DB64E8 /* PBXContainerItemProxy */;
		};
/* End PBXTargetDependency section */

/* Begin PBXVariantGroup section */
		C5CC7A6924E5FEC900DB64E8 /* Main.storyboard */ = {
			isa = PBXVariantGroup;
			children = (
				C5CC7A6A24E5FEC900DB64E8 /* Base */,
			);
			name = Main.storyboard;
			sourceTree = "<group>";
		};
		C5CC7A6E24E5FECF00DB64E8 /* LaunchScreen.storyboard */ = {
			isa = PBXVariantGroup;
			children = (
				C5CC7A6F24E5FECF00DB64E8 /* Base */,
			);
			name = LaunchScreen.storyboard;
			sourceTree = "<group>";
		};
/* End PBXVariantGroup section */

/* Begin XCBuildConfiguration section */
		C5CC7A7F24E5FED000DB64E8 /* Debug */ = {
			isa = XCBuildConfiguration;
			buildSettings = {
				ALWAYS_SEARCH_USER_PATHS = NO;
				CLANG_ANALYZER_NONNULL = YES;
				CLANG_ANALYZER_NUMBER_OBJECT_CONVERSION = YES_AGGRESSIVE;
				CLANG_CXX_LANGUAGE_STANDARD = "gnu++14";
				CLANG_CXX_LIBRARY = "libc++";
				CLANG_ENABLE_MODULES = YES;
				CLANG_ENABLE_OBJC_ARC = YES;
				CLANG_ENABLE_OBJC_WEAK = YES;
				CLANG_WARN_BLOCK_CAPTURE_AUTORELEASING = YES;
				CLANG_WARN_BOOL_CONVERSION = YES;
				CLANG_WARN_COMMA = YES;
				CLANG_WARN_CONSTANT_CONVERSION = YES;
				CLANG_WARN_DEPRECATED_OBJC_IMPLEMENTATIONS = YES;
				CLANG_WARN_DIRECT_OBJC_ISA_USAGE = YES_ERROR;
				CLANG_WARN_DOCUMENTATION_COMMENTS = YES;
				CLANG_WARN_EMPTY_BODY = YES;
				CLANG_WARN_ENUM_CONVERSION = YES;
				CLANG_WARN_INFINITE_RECURSION = YES;
				CLANG_WARN_INT_CONVERSION = YES;
				CLANG_WARN_NON_LITERAL_NULL_CONVERSION = YES;
				CLANG_WARN_OBJC_IMPLICIT_RETAIN_SELF = YES;
				CLANG_WARN_OBJC_LITERAL_CONVERSION = YES;
				CLANG_WARN_OBJC_ROOT_CLASS = YES_ERROR;
				CLANG_WARN_RANGE_LOOP_ANALYSIS = YES;
				CLANG_WARN_STRICT_PROTOTYPES = YES;
				CLANG_WARN_SUSPICIOUS_MOVE = YES;
				CLANG_WARN_UNGUARDED_AVAILABILITY = YES_AGGRESSIVE;
				CLANG_WARN_UNREACHABLE_CODE = YES;
				CLANG_WARN__DUPLICATE_METHOD_MATCH = YES;
				COPY_PHASE_STRIP = NO;
				DEBUG_INFORMATION_FORMAT = dwarf;
				ENABLE_STRICT_OBJC_MSGSEND = YES;
				ENABLE_TESTABILITY = YES;
				GCC_C_LANGUAGE_STANDARD = gnu11;
				GCC_DYNAMIC_NO_PIC = NO;
				GCC_NO_COMMON_BLOCKS = YES;
				GCC_OPTIMIZATION_LEVEL = 0;
				GCC_PREPROCESSOR_DEFINITIONS = (
					"DEBUG=1",
					"$(inherited)",
				);
				GCC_WARN_64_TO_32_BIT_CONVERSION = YES;
				GCC_WARN_ABOUT_RETURN_TYPE = YES_ERROR;
				GCC_WARN_UNDECLARED_SELECTOR = YES;
				GCC_WARN_UNINITIALIZED_AUTOS = YES_AGGRESSIVE;
				GCC_WARN_UNUSED_FUNCTION = YES;
				GCC_WARN_UNUSED_VARIABLE = YES;
				IPHONEOS_DEPLOYMENT_TARGET = 13.6;
				MTL_ENABLE_DEBUG_INFO = INCLUDE_SOURCE;
				MTL_FAST_MATH = YES;
				ONLY_ACTIVE_ARCH = YES;
				SDKROOT = iphoneos;
			};
			name = Debug;
		};
		C5CC7A8024E5FED000DB64E8 /* Release */ = {
			isa = XCBuildConfiguration;
			buildSettings = {
				ALWAYS_SEARCH_USER_PATHS = NO;
				CLANG_ANALYZER_NONNULL = YES;
				CLANG_ANALYZER_NUMBER_OBJECT_CONVERSION = YES_AGGRESSIVE;
				CLANG_CXX_LANGUAGE_STANDARD = "gnu++14";
				CLANG_CXX_LIBRARY = "libc++";
				CLANG_ENABLE_MODULES = YES;
				CLANG_ENABLE_OBJC_ARC = YES;
				CLANG_ENABLE_OBJC_WEAK = YES;
				CLANG_WARN_BLOCK_CAPTURE_AUTORELEASING = YES;
				CLANG_WARN_BOOL_CONVERSION = YES;
				CLANG_WARN_COMMA = YES;
				CLANG_WARN_CONSTANT_CONVERSION = YES;
				CLANG_WARN_DEPRECATED_OBJC_IMPLEMENTATIONS = YES;
				CLANG_WARN_DIRECT_OBJC_ISA_USAGE = YES_ERROR;
				CLANG_WARN_DOCUMENTATION_COMMENTS = YES;
				CLANG_WARN_EMPTY_BODY = YES;
				CLANG_WARN_ENUM_CONVERSION = YES;
				CLANG_WARN_INFINITE_RECURSION = YES;
				CLANG_WARN_INT_CONVERSION = YES;
				CLANG_WARN_NON_LITERAL_NULL_CONVERSION = YES;
				CLANG_WARN_OBJC_IMPLICIT_RETAIN_SELF = YES;
				CLANG_WARN_OBJC_LITERAL_CONVERSION = YES;
				CLANG_WARN_OBJC_ROOT_CLASS = YES_ERROR;
				CLANG_WARN_RANGE_LOOP_ANALYSIS = YES;
				CLANG_WARN_STRICT_PROTOTYPES = YES;
				CLANG_WARN_SUSPICIOUS_MOVE = YES;
				CLANG_WARN_UNGUARDED_AVAILABILITY = YES_AGGRESSIVE;
				CLANG_WARN_UNREACHABLE_CODE = YES;
				CLANG_WARN__DUPLICATE_METHOD_MATCH = YES;
				COPY_PHASE_STRIP = NO;
				DEBUG_INFORMATION_FORMAT = "dwarf-with-dsym";
				ENABLE_NS_ASSERTIONS = NO;
				ENABLE_STRICT_OBJC_MSGSEND = YES;
				GCC_C_LANGUAGE_STANDARD = gnu11;
				GCC_NO_COMMON_BLOCKS = YES;
				GCC_WARN_64_TO_32_BIT_CONVERSION = YES;
				GCC_WARN_ABOUT_RETURN_TYPE = YES_ERROR;
				GCC_WARN_UNDECLARED_SELECTOR = YES;
				GCC_WARN_UNINITIALIZED_AUTOS = YES_AGGRESSIVE;
				GCC_WARN_UNUSED_FUNCTION = YES;
				GCC_WARN_UNUSED_VARIABLE = YES;
				IPHONEOS_DEPLOYMENT_TARGET = 13.6;
				MTL_ENABLE_DEBUG_INFO = NO;
				MTL_FAST_MATH = YES;
				SDKROOT = iphoneos;
				VALIDATE_PRODUCT = YES;
			};
			name = Release;
		};
		C5CC7A8224E5FED000DB64E8 /* Debug */ = {
			isa = XCBuildConfiguration;
			baseConfigurationReference = 3AB1D93868EF43F02F16390A /* Pods-BMI.debug.xcconfig */;
			buildSettings = {
				ASSETCATALOG_COMPILER_APPICON_NAME = AppIcon;
				CODE_SIGN_STYLE = Automatic;
				INFOPLIST_FILE = BMI/Info.plist;
				LD_RUNPATH_SEARCH_PATHS = (
					"$(inherited)",
					"@executable_path/Frameworks",
				);
				PRODUCT_BUNDLE_IDENTIFIER = com.joaolfp.BMI;
				PRODUCT_NAME = "$(TARGET_NAME)";
				TARGETED_DEVICE_FAMILY = "1,2";
			};
			name = Debug;
		};
		C5CC7A8324E5FED000DB64E8 /* Release */ = {
			isa = XCBuildConfiguration;
			baseConfigurationReference = D9C76DF2433EFBFEEC40BD7C /* Pods-BMI.release.xcconfig */;
			buildSettings = {
				ASSETCATALOG_COMPILER_APPICON_NAME = AppIcon;
				CODE_SIGN_STYLE = Automatic;
				INFOPLIST_FILE = BMI/Info.plist;
				LD_RUNPATH_SEARCH_PATHS = (
					"$(inherited)",
					"@executable_path/Frameworks",
				);
				PRODUCT_BUNDLE_IDENTIFIER = com.joaolfp.BMI;
				PRODUCT_NAME = "$(TARGET_NAME)";
				TARGETED_DEVICE_FAMILY = "1,2";
			};
			name = Release;
		};
		C5CC7A8524E5FED000DB64E8 /* Debug */ = {
			isa = XCBuildConfiguration;
			baseConfigurationReference = 13359AA33789835200909D0E /* Pods-BMITests.debug.xcconfig */;
			buildSettings = {
				BUNDLE_LOADER = "$(TEST_HOST)";
				CODE_SIGN_STYLE = Automatic;
				INFOPLIST_FILE = BMITests/Info.plist;
				IPHONEOS_DEPLOYMENT_TARGET = 13.6;
				LD_RUNPATH_SEARCH_PATHS = (
					"$(inherited)",
					"@executable_path/Frameworks",
					"@loader_path/Frameworks",
				);
				PRODUCT_BUNDLE_IDENTIFIER = com.joaolfp.BMITests;
				PRODUCT_NAME = "$(TARGET_NAME)";
				TARGETED_DEVICE_FAMILY = "1,2";
				TEST_HOST = "$(BUILT_PRODUCTS_DIR)/BMI.app/BMI";
			};
			name = Debug;
		};
		C5CC7A8624E5FED000DB64E8 /* Release */ = {
			isa = XCBuildConfiguration;
			baseConfigurationReference = F882D888D70A32BC97B19EAF /* Pods-BMITests.release.xcconfig */;
			buildSettings = {
				BUNDLE_LOADER = "$(TEST_HOST)";
				CODE_SIGN_STYLE = Automatic;
				INFOPLIST_FILE = BMITests/Info.plist;
				IPHONEOS_DEPLOYMENT_TARGET = 13.6;
				LD_RUNPATH_SEARCH_PATHS = (
					"$(inherited)",
					"@executable_path/Frameworks",
					"@loader_path/Frameworks",
				);
				PRODUCT_BUNDLE_IDENTIFIER = com.joaolfp.BMITests;
				PRODUCT_NAME = "$(TARGET_NAME)";
				TARGETED_DEVICE_FAMILY = "1,2";
				TEST_HOST = "$(BUILT_PRODUCTS_DIR)/BMI.app/BMI";
			};
			name = Release;
		};
/* End XCBuildConfiguration section */

/* Begin XCConfigurationList section */
		C5CC7A5824E5FEC900DB64E8 /* Build configuration list for PBXProject "BMI" */ = {
			isa = XCConfigurationList;
			buildConfigurations = (
				C5CC7A7F24E5FED000DB64E8 /* Debug */,
				C5CC7A8024E5FED000DB64E8 /* Release */,
			);
			defaultConfigurationIsVisible = 0;
			defaultConfigurationName = Release;
		};
		C5CC7A8124E5FED000DB64E8 /* Build configuration list for PBXNativeTarget "BMI" */ = {
			isa = XCConfigurationList;
			buildConfigurations = (
				C5CC7A8224E5FED000DB64E8 /* Debug */,
				C5CC7A8324E5FED000DB64E8 /* Release */,
			);
			defaultConfigurationIsVisible = 0;
			defaultConfigurationName = Release;
		};
		C5CC7A8424E5FED000DB64E8 /* Build configuration list for PBXNativeTarget "BMITests" */ = {
			isa = XCConfigurationList;
			buildConfigurations = (
				C5CC7A8524E5FED000DB64E8 /* Debug */,
				C5CC7A8624E5FED000DB64E8 /* Release */,
			);
			defaultConfigurationIsVisible = 0;
			defaultConfigurationName = Release;
		};
/* End XCConfigurationList section */
	};
	rootObject = C5CC7A5524E5FEC900DB64E8 /* Project object */;
}
